PODS:
  - anythink_sdk (1.0.13):
    - AnyThinkiOS (= 6.5.47)
    - AnyThinkMediationAdxSmartdigimktCNAdapter (= 6.5.45)
    - AnyThinkMediationGDTAdapter (= 4.15.90.0)
    - AnyThinkMediationMintegralAdapter (= 8.0.8.0)
    - Flutter
    - GoogleUserMessagingPlatform
  - AnyThinkiOS (6.5.47):
    - AnyThinkiOS/AnyThinkSDK (= 6.5.47)
  - AnyThinkiOS/AnyThinkSDK (6.5.47)
  - AnyThinkMediationAdxSmartdigimktCNAdapter (6.5.45.0):
    - AnyThinkiOS (>= 6.5.30)
    - SmartdigimktCNSDK (= 6.5.45)
  - AnyThinkMediationGDTAdapter (4.15.90.0):
    - AnyThinkiOS (>= 6.4.94)
    - GDTMobSDK (= 4.15.90)
  - AnyThinkMediationMintegralAdapter (8.0.8.0):
    - AnyThinkiOS (>= 6.4.94)
    - MintegralAdSDK/All (= 8.0.8)
  - Flutter (1.0.0)
  - GDTMobSDK (4.15.90)
  - GoogleUserMessagingPlatform (3.1.0)
  - MintegralAdSDK/All (8.0.8):
    - MintegralAdSDK/BannerAd
    - MintegralAdSDK/BidNativeAd
    - MintegralAdSDK/InterstitialVideoAd
    - MintegralAdSDK/NativeAd
    - MintegralAdSDK/NativeAdvancedAd
    - MintegralAdSDK/NewInterstitialAd
    - MintegralAdSDK/RewardVideoAd
    - MintegralAdSDK/SplashAd
  - MintegralAdSDK/BannerAd (8.0.8):
    - MintegralAdSDK/NativeAd
  - MintegralAdSDK/BidNativeAd (8.0.8):
    - MintegralAdSDK/NativeAd
  - MintegralAdSDK/InterstitialVideoAd (8.0.8):
    - MintegralAdSDK/NativeAd
  - MintegralAdSDK/NativeAd (8.0.8)
  - MintegralAdSDK/NativeAdvancedAd (8.0.8):
    - MintegralAdSDK/NativeAd
  - MintegralAdSDK/NewInterstitialAd (8.0.8):
    - MintegralAdSDK/InterstitialVideoAd
    - MintegralAdSDK/NativeAd
  - MintegralAdSDK/RewardVideoAd (8.0.8):
    - MintegralAdSDK/NativeAd
  - MintegralAdSDK/SplashAd (8.0.8):
    - MintegralAdSDK/NativeAd
  - SmartdigimktCNSDK (6.5.45)

DEPENDENCIES:
  - anythink_sdk (from `.symlinks/plugins/anythink_sdk/ios`)
  - Flutter (from `Flutter`)

SPEC REPOS:
  https://github.com/CocoaPods/Specs.git:
    - AnyThinkiOS
    - AnyThinkMediationAdxSmartdigimktCNAdapter
    - AnyThinkMediationGDTAdapter
    - AnyThinkMediationMintegralAdapter
    - GDTMobSDK
    - GoogleUserMessagingPlatform
    - MintegralAdSDK
    - SmartdigimktCNSDK

EXTERNAL SOURCES:
  anythink_sdk:
    :path: ".symlinks/plugins/anythink_sdk/ios"
  Flutter:
    :path: Flutter

SPEC CHECKSUMS:
  anythink_sdk: dda876d4ac63e01b8f15061c04052b8b0e0d7c4e
  AnyThinkiOS: fcdc25dc7a3c9e015285c210445e4351d8d6a962
  AnyThinkMediationAdxSmartdigimktCNAdapter: 9605f2d80f4f0fdd1fb1348ccac89b60a1128c31
  AnyThinkMediationGDTAdapter: 7cbc46cabf677366eabfd3a0670f1099118e9c7a
  AnyThinkMediationMintegralAdapter: 8dfb8140a56665482e52f6e62e7d4747ebd8e474
  Flutter: f04841e97a9d0b0a8025694d0796dd46242b2854
  GDTMobSDK: fdec348687362cf20effb182286a5d1fbd3e8467
  GoogleUserMessagingPlatform: befe603da6501006420c206222acd449bba45a9c
  MintegralAdSDK: f02fdbab6494030b4fe4b01d8bbf654263834a20
  SmartdigimktCNSDK: acd2e564e496385d6470767335431d91b0daa18b

PODFILE CHECKSUM: 9254729d98df9697a6e0dc0694775cea407028ef

COCOAPODS: 1.17.0
